# THIS IS AN AUTOGENERATED FILE. DO NOT EDIT THIS FILE DIRECTLY.
# yarn lockfile v1


"@types/node@^9.4.4":
  version "9.4.4"
  resolved "https://registry.yarnpkg.com/@types/node/-/node-9.4.4.tgz#4cad4305d1ec84eab2dc2bda97dfb6a5f652cccb"

reflect-metadata@^0.1.12:
  version "0.1.12"
  resolved "https://registry.yarnpkg.com/reflect-metadata/-/reflect-metadata-0.1.12.tgz#311bf0c6b63cd782f228a81abe146a2bfa9c56f2"

tslib@^1.9.0:
  version "1.9.0"
  resolved "https://registry.yarnpkg.com/tslib/-/tslib-1.9.0.tgz#e37a86fda8cbbaf23a057f473c9f4dc64e5fc2e8"
